{
  "name": "test-npm",
  "version": "1.0.0",
  "lockfileVersion": 2,
  "requires": true,
  "packages": {
    "": {
      "name": "test-npm",
      "version": "1.0.0",
      "license": "ISC",
      "dependencies": {
        "@types/node": "^20.6.3",
        "express-controller-js": "^0.0.2"
      }
    },
    "node_modules/@types/node": {
      "version": "20.6.3",
      "resolved": "https://registry.npmjs.org/@types/node/-/node-20.6.3.tgz",
      "integrity": "sha512-HksnYH4Ljr4VQgEy2lTStbCKv/P590tmPe5HqOnv9Gprffgv5WXAY+Y5Gqniu0GGqeTCUdBnzC3QSrzPkBkAMA=="
    },
    "node_modules/express-controller-js": {
      "version": "0.0.2",
      "resolved": "https://registry.npmjs.org/express-controller-js/-/express-controller-js-0.0.2.tgz",
      "integrity": "sha512-+wVCSIIhiFqg8+aqT6UwEan9ubCaEeDNUM298+0spafmhecSnh/ntc4P4tD5MGv3KqQiOFGJ5jvQ64JnPy60Vg=="
    }
  },
  "dependencies": {
    "@types/node": {
      "version": "20.6.3",
      "resolved": "https://registry.npmjs.org/@types/node/-/node-20.6.3.tgz",
      "integrity": "sha512-HksnYH4Ljr4VQgEy2lTStbCKv/P590tmPe5HqOnv9Gprffgv5WXAY+Y5Gqniu0GGqeTCUdBnzC3QSrzPkBkAMA=="
    },
    "express-controller-js": {
      "version": "0.0.2",
      "resolved": "https://registry.npmjs.org/express-controller-js/-/express-controller-js-0.0.2.tgz",
      "integrity": "sha512-+wVCSIIhiFqg8+aqT6UwEan9ubCaEeDNUM298+0spafmhecSnh/ntc4P4tD5MGv3KqQiOFGJ5jvQ64JnPy60Vg=="
    }
  }
}
